
Microsoft Visual Studio Solution File, Format Version 12.00
# Visual Studio Version 16
VisualStudioVersion = 16.0.808.3
MinimumVisualStudioVersion = 10.0.40219.1
Project("{FAE04EC0-301F-11D3-BF4B-00C04F79EFBC}") = "eagleDreamWebAPI", "eagleDreamWebAPI\eagleDreamWebAPI.csproj", "{2B231286-B8DE-44C1-A9D1-5820BD7F2D50}"
EndProject
Global
	GlobalSection(SolutionConfigurationPlatforms) = preSolution
		Debug|Any CPU = Debug|Any CPU
		Release|Any CPU = Release|Any CPU
	EndGlobalSection
	GlobalSection(ProjectConfigurationPlatforms) = postSolution
		{2B231286-B8DE-44C1-A9D1-5820BD7F2D50}.Debug|Any CPU.ActiveCfg = Debug|Any CPU
		{2B231286-B8DE-44C1-A9D1-5820BD7F2D50}.Debug|Any CPU.Build.0 = Debug|Any CPU
		{2B231286-B8DE-44C1-A9D1-5820BD7F2D50}.Release|Any CPU.ActiveCfg = Release|Any CPU
		{2B231286-B8DE-44C1-A9D1-5820BD7F2D50}.Release|Any CPU.Build.0 = Release|Any CPU
	EndGlobalSection
	GlobalSection(SolutionProperties) = preSolution
		HideSolutionNode = FALSE
	EndGlobalSection
	GlobalSection(ExtensibilityGlobals) = postSolution
		SolutionGuid = {CA9BE514-4D47-4364-89F5-91CCFF997156}
	EndGlobalSection
EndGlobal
